<?xml version="1.0" encoding="utf-8"?>
<Project ToolsVersion="4.0" xmlns="http://schemas.microsoft.com/developer/msbuild/2003">
  <ItemGroup>
    <Filter Include="Source Files">
      <UniqueIdentifier>{4FC737F1-C7A5-4376-A066-2A32D752A2FF}</UniqueIdentifier>
      <Extensions>cpp;c;cc;cxx;def;odl;idl;hpj;bat;asm;asmx</Extensions>
    </Filter>
    <Filter Include="Header Files">
      <UniqueIdentifier>{93995380-89BD-4b04-88EB-625FBE52EBFB}</UniqueIdentifier>
      <Extensions>h;hh;hpp;hxx;hm;inl;inc;ipp;xsd</Extensions>
    </Filter>
    <Filter Include="Resource Files">
      <UniqueIdentifier>{67DA6AB6-F800-4c08-8B7A-83BB121AAD01}</UniqueIdentifier>
      <Extensions>rc;ico;cur;bmp;dlg;rc2;rct;bin;rgs;gif;jpg;jpeg;jpe;resx;tiff;tif;png;wav;mfcribbon-ms</Extensions>
    </Filter>
    <Filter Include="Header Files\Socket">
      <UniqueIdentifier>{e55c1599-53e9-4c87-8c5b-9ee2aaa3bce6}</UniqueIdentifier>
    </Filter>
    <Filter Include="Source Files\Socket">
      <UniqueIdentifier>{3bb7276c-bc4b-490d-8b4e-26b7c3bfb661}</UniqueIdentifier>
    </Filter>
    <Filter Include="Header Files\Protobuf">
      <UniqueIdentifier>{df69b310-11a8-400d-a9d4-71139675e1a3}</UniqueIdentifier>
    </Filter>
    <Filter Include="Header Files\Protobuf\Messages">
      <UniqueIdentifier>{01db05f5-f709-4a46-a8d0-2bed75e4f5fe}</UniqueIdentifier>
    </Filter>
    <Filter Include="Protobuf">
      <UniqueIdentifier>{e0a4dde6-fa61-44ed-85d0-bcd9a27c3629}</UniqueIdentifier>
    </Filter>
    <Filter Include="Source Files\Protobuf">
      <UniqueIdentifier>{dfd3bb3c-e9a8-4002-b048-74929425b80a}</UniqueIdentifier>
    </Filter>
    <Filter Include="Source Files\Protobuf\Messages">
      <UniqueIdentifier>{22f63f3c-756b-4b79-b000-bc85b4eff8ee}</UniqueIdentifier>
    </Filter>
    <Filter Include="Header Files\Multiplayer">
      <UniqueIdentifier>{e1c7da32-b71a-491e-a761-0a1f6cffeb24}</UniqueIdentifier>
    </Filter>
    <Filter Include="Source Files\Multiplayer">
      <UniqueIdentifier>{8762bd69-745f-4ee7-937d-1bdd01120566}</UniqueIdentifier>
    </Filter>
    <Filter Include="Header Files\Entities">
      <UniqueIdentifier>{f37c851e-22aa-404d-b58d-8a2394c3e237}</UniqueIdentifier>
    </Filter>
    <Filter Include="Source Files\Entities">
      <UniqueIdentifier>{352c2c3d-363e-41c0-8ceb-3e380dc02e45}</UniqueIdentifier>
    </Filter>
  </ItemGroup>
  <ItemGroup>
    <ClCompile Include="MultiplayerSocketServer.cpp">
      <Filter>Source Files</Filter>
    </ClCompile>
    <ClCompile Include="SocketIOListener.cpp">
      <Filter>Source Files\Socket</Filter>
    </ClCompile>
    <ClCompile Include="SocketIOManager.cpp">
      <Filter>Source Files\Socket</Filter>
    </ClCompile>
    <ClCompile Include="SocketIOSession.cpp">
      <Filter>Source Files\Socket</Filter>
    </ClCompile>
    <ClCompile Include="SocketIOThread.cpp">
      <Filter>Source Files\Socket</Filter>
    </ClCompile>
    <ClCompile Include="SocketIOException.cpp">
      <Filter>Source Files\Socket</Filter>
    </ClCompile>
    <ClCompile Include="SocketIOSessionManager.cpp">
      <Filter>Source Files\Socket</Filter>
    </ClCompile>
    <ClCompile Include="MultiplayerRoom.cpp">
      <Filter>Source Files\Multiplayer</Filter>
    </ClCompile>
    <ClCompile Include="MultiplayerSession.cpp">
      <Filter>Source Files\Multiplayer</Filter>
    </ClCompile>
    <ClCompile Include="MultiplayerException.cpp">
      <Filter>Source Files\Multiplayer</Filter>
    </ClCompile>
    <ClCompile Include="SocketIOMessageParser.cpp">
      <Filter>Source Files\Socket</Filter>
    </ClCompile>
    <ClCompile Include="WrapperMessage.pb.cc">
      <Filter>Source Files\Protobuf\Messages</Filter>
    </ClCompile>
    <ClCompile Include="MultiplayerSessionManager.cpp">
      <Filter>Source Files\Multiplayer</Filter>
    </ClCompile>
    <ClCompile Include="MultiplayerRoomMessageHandler.cpp">
      <Filter>Source Files\Multiplayer</Filter>
    </ClCompile>
    <ClCompile Include="BaseEntity.cpp">
      <Filter>Source Files\Entities</Filter>
    </ClCompile>
    <ClCompile Include="Player.cpp">
      <Filter>Source Files\Entities</Filter>
    </ClCompile>
    <ClCompile Include="Point.cpp">
      <Filter>Source Files\Entities</Filter>
    </ClCompile>
  </ItemGroup>
  <ItemGroup>
    <None Include="packages.config" />
    <None Include="WrapperMessage.proto">
      <Filter>Protobuf</Filter>
    </None>
  </ItemGroup>
  <ItemGroup>
    <ClInclude Include="SocketIOManager.h">
      <Filter>Header Files\Socket</Filter>
    </ClInclude>
    <ClInclude Include="SocketIOSession.h">
      <Filter>Header Files\Socket</Filter>
    </ClInclude>
    <ClInclude Include="SocketIOThread.h">
      <Filter>Header Files\Socket</Filter>
    </ClInclude>
    <ClInclude Include="SocketIOListener.h">
      <Filter>Header Files\Socket</Filter>
    </ClInclude>
    <ClInclude Include="SocketIOException.h">
      <Filter>Header Files\Socket</Filter>
    </ClInclude>
    <ClInclude Include="SocketIOSessionManager.h">
      <Filter>Header Files\Socket</Filter>
    </ClInclude>
    <ClInclude Include="MultiplayerRoom.h">
      <Filter>Header Files\Multiplayer</Filter>
    </ClInclude>
    <ClInclude Include="MultiplayerSession.h">
      <Filter>Header Files\Multiplayer</Filter>
    </ClInclude>
    <ClInclude Include="MultiplayerException.h">
      <Filter>Header Files\Multiplayer</Filter>
    </ClInclude>
    <ClInclude Include="SocketIOMessageParser.h">
      <Filter>Header Files\Socket</Filter>
    </ClInclude>
    <ClInclude Include="WrapperMessage.pb.h">
      <Filter>Header Files\Protobuf\Messages</Filter>
    </ClInclude>
    <ClInclude Include="MultiplayerSessionManager.h">
      <Filter>Header Files\Multiplayer</Filter>
    </ClInclude>
    <ClInclude Include="MultiplayerRoomMessageHandler.h">
      <Filter>Header Files\Multiplayer</Filter>
    </ClInclude>
    <ClInclude Include="Player.h">
      <Filter>Header Files\Entities</Filter>
    </ClInclude>
    <ClInclude Include="BaseEntity.h">
      <Filter>Header Files\Entities</Filter>
    </ClInclude>
    <ClInclude Include="Point.h">
      <Filter>Header Files\Entities</Filter>
    </ClInclude>
  </ItemGroup>
</Project>